
Microsoft Visual Studio Solution File, Format Version 12.00
# Visual Studio Version 16
VisualStudioVersion = 16.0.31702.278
MinimumVisualStudioVersion = 10.0.40219.1
Project("{9092AA53-FB77-4645-B42D-1CCCA6BD08BD}") = "NodejsConsoleApp1", "NodejsConsoleApp1\NodejsConsoleApp1.njsproj", "{3EFA42AD-079D-492B-AD98-EFEA92A2B138}"
EndProject
Global
	GlobalSection(SolutionConfigurationPlatforms) = preSolution
		Debug|Any CPU = Debug|Any CPU
		Release|Any CPU = Release|Any CPU
	EndGlobalSection
	GlobalSection(ProjectConfigurationPlatforms) = postSolution
		{3EFA42AD-079D-492B-AD98-EFEA92A2B138}.Debug|Any CPU.ActiveCfg = Debug|Any CPU
		{3EFA42AD-079D-492B-AD98-EFEA92A2B138}.Debug|Any CPU.Build.0 = Debug|Any CPU
		{3EFA42AD-079D-492B-AD98-EFEA92A2B138}.Release|Any CPU.ActiveCfg = Release|Any CPU
		{3EFA42AD-079D-492B-AD98-EFEA92A2B138}.Release|Any CPU.Build.0 = Release|Any CPU
	EndGlobalSection
	GlobalSection(SolutionProperties) = preSolution
		HideSolutionNode = FALSE
	EndGlobalSection
	GlobalSection(ExtensibilityGlobals) = postSolution
		SolutionGuid = {614B7C5A-E37D-4715-A8E3-9A429E2BE06F}
	EndGlobalSection
EndGlobal
